// !$*UTF8*$!
{
	archiveVersion = 1;
	classes = {
	};
	objectVersion = 54;
	objects = {

/* Begin PBXBuildFile section */
		015634EECB97BA3B2BE9B560 /* ExpenseEnums.swift in Sources */ = {isa = PBXBuildFile; fileRef = 98CDA0D2D9E192B40B4FD70D /* ExpenseEnums.swift */; };
		1507B2ADB936970D0D14F169 /* Calendar+Extensions.swift in Sources */ = {isa = PBXBuildFile; fileRef = 831FFD88E6B4544EF2DC250A /* Calendar+Extensions.swift */; };
		1A03A3D72FD0ED420D1BF405 /* ExpenseRepository.swift in Sources */ = {isa = PBXBuildFile; fileRef = 91E5698E35C2C908D92E4EC9 /* ExpenseRepository.swift */; };
		282911C9504C3B042E4D0160 /* DashboardComponents.swift in Sources */ = {isa = PBXBuildFile; fileRef = 4B018E04044E6A5AA4DC4A6C /* DashboardComponents.swift */; };
		2A3D7E0256E989FBF26C70EA /* GestionGastosApp.swift in Sources */ = {isa = PBXBuildFile; fileRef = FDD7828E416F56853D6597AB /* GestionGastosApp.swift */; };
		39A23952C9AE9C90A5FA2671 /* AddExpenseView.swift in Sources */ = {isa = PBXBuildFile; fileRef = 6DC2D3288DCB1ACB3E9C573F /* AddExpenseView.swift */; };
		4A43D235CBB25EBD5FC5D3DE /* ExpenseViewModel.swift in Sources */ = {isa = PBXBuildFile; fileRef = 870338E2E31651645B689BAD /* ExpenseViewModel.swift */; };
		4C5C588A58725FBF41E82C85 /* ContentView.swift in Sources */ = {isa = PBXBuildFile; fileRef = 9BF6509BAABF7CF39946F5FE /* ContentView.swift */; };
		511B97B5A15CE11395795B45 /* EditExpenseView.swift in Sources */ = {isa = PBXBuildFile; fileRef = 60DA877E7541A5F9DEDF7DAA /* EditExpenseView.swift */; };
		5600E5EF59F8631C1800C58F /* AppSettings.swift in Sources */ = {isa = PBXBuildFile; fileRef = 1FD77F3B30910DF5D5F59885 /* AppSettings.swift */; };
		8137479DE59FF3A60F96CFD9 /* CategoryDetailView.swift in Sources */ = {isa = PBXBuildFile; fileRef = 1229E83E5D686FB5B5CE90A1 /* CategoryDetailView.swift */; };
		94181FF198E77086A1263BC3 /* DashboardContentView.swift in Sources */ = {isa = PBXBuildFile; fileRef = 4669C3A332B80AAAEFFAC8AC /* DashboardContentView.swift */; };
		A91520A08B365BA6376D5BC8 /* DashboardView.swift in Sources */ = {isa = PBXBuildFile; fileRef = 04B70DACAB692BB4B3E63EAF /* DashboardView.swift */; };
		AD741F1B41742ABAC8190AC7 /* TestPieChartView.swift in Sources */ = {isa = PBXBuildFile; fileRef = 35321FCD99D6D4C8CBD112E2 /* TestPieChartView.swift */; };
		B894CE805830361E966AF02B /* PieChartView.swift in Sources */ = {isa = PBXBuildFile; fileRef = 473AEC6B21F1F01D6A1AB920 /* PieChartView.swift */; };
		CA57208984F9651E0C091F3B /* SimpleCircleView.swift in Sources */ = {isa = PBXBuildFile; fileRef = 38D65E203D8D4C22AF01411F /* SimpleCircleView.swift */; };
		DB3DF0C2BDE73542173085AD /* StatsView.swift in Sources */ = {isa = PBXBuildFile; fileRef = 752113BAD2A0A13B24829955 /* StatsView.swift */; };
		E58A52BFC33A9A41F234F741 /* Expense.swift in Sources */ = {isa = PBXBuildFile; fileRef = 1CF219A026C2FBC7FE8C6666 /* Expense.swift */; };
/* End PBXBuildFile section */

/* Begin PBXFileReference section */
		04B70DACAB692BB4B3E63EAF /* DashboardView.swift */ = {isa = PBXFileReference; lastKnownFileType = sourcecode.swift; path = DashboardView.swift; sourceTree = "<group>"; };
		1229E83E5D686FB5B5CE90A1 /* CategoryDetailView.swift */ = {isa = PBXFileReference; lastKnownFileType = sourcecode.swift; path = CategoryDetailView.swift; sourceTree = "<group>"; };
		1CF219A026C2FBC7FE8C6666 /* Expense.swift */ = {isa = PBXFileReference; lastKnownFileType = sourcecode.swift; path = Expense.swift; sourceTree = "<group>"; };
		1FD77F3B30910DF5D5F59885 /* AppSettings.swift */ = {isa = PBXFileReference; lastKnownFileType = sourcecode.swift; path = AppSettings.swift; sourceTree = "<group>"; };
		35321FCD99D6D4C8CBD112E2 /* TestPieChartView.swift */ = {isa = PBXFileReference; lastKnownFileType = sourcecode.swift; path = TestPieChartView.swift; sourceTree = "<group>"; };
		38D65E203D8D4C22AF01411F /* SimpleCircleView.swift */ = {isa = PBXFileReference; lastKnownFileType = sourcecode.swift; path = SimpleCircleView.swift; sourceTree = "<group>"; };
		4432A6E985CBA3E674B0DF52 /* GestionGastos.app */ = {isa = PBXFileReference; includeInIndex = 0; lastKnownFileType = wrapper.application; path = GestionGastos.app; sourceTree = BUILT_PRODUCTS_DIR; };
		4669C3A332B80AAAEFFAC8AC /* DashboardContentView.swift */ = {isa = PBXFileReference; lastKnownFileType = sourcecode.swift; path = DashboardContentView.swift; sourceTree = "<group>"; };
		473AEC6B21F1F01D6A1AB920 /* PieChartView.swift */ = {isa = PBXFileReference; lastKnownFileType = sourcecode.swift; path = PieChartView.swift; sourceTree = "<group>"; };
		4B018E04044E6A5AA4DC4A6C /* DashboardComponents.swift */ = {isa = PBXFileReference; lastKnownFileType = sourcecode.swift; path = DashboardComponents.swift; sourceTree = "<group>"; };
		60DA877E7541A5F9DEDF7DAA /* EditExpenseView.swift */ = {isa = PBXFileReference; lastKnownFileType = sourcecode.swift; path = EditExpenseView.swift; sourceTree = "<group>"; };
		6DC2D3288DCB1ACB3E9C573F /* AddExpenseView.swift */ = {isa = PBXFileReference; lastKnownFileType = sourcecode.swift; path = AddExpenseView.swift; sourceTree = "<group>"; };
		752113BAD2A0A13B24829955 /* StatsView.swift */ = {isa = PBXFileReference; lastKnownFileType = sourcecode.swift; path = StatsView.swift; sourceTree = "<group>"; };
		831FFD88E6B4544EF2DC250A /* Calendar+Extensions.swift */ = {isa = PBXFileReference; lastKnownFileType = sourcecode.swift; path = "Calendar+Extensions.swift"; sourceTree = "<group>"; };
		870338E2E31651645B689BAD /* ExpenseViewModel.swift */ = {isa = PBXFileReference; lastKnownFileType = sourcecode.swift; path = ExpenseViewModel.swift; sourceTree = "<group>"; };
		91E5698E35C2C908D92E4EC9 /* ExpenseRepository.swift */ = {isa = PBXFileReference; lastKnownFileType = sourcecode.swift; path = ExpenseRepository.swift; sourceTree = "<group>"; };
		98CDA0D2D9E192B40B4FD70D /* ExpenseEnums.swift */ = {isa = PBXFileReference; lastKnownFileType = sourcecode.swift; path = ExpenseEnums.swift; sourceTree = "<group>"; };
		9BF6509BAABF7CF39946F5FE /* ContentView.swift */ = {isa = PBXFileReference; lastKnownFileType = sourcecode.swift; path = ContentView.swift; sourceTree = "<group>"; };
		FDD7828E416F56853D6597AB /* GestionGastosApp.swift */ = {isa = PBXFileReference; lastKnownFileType = sourcecode.swift; path = GestionGastosApp.swift; sourceTree = "<group>"; };
/* End PBXFileReference section */

/* Begin PBXGroup section */
		12D72EC3A53E2768FA9F2ECA /* Dashboard */ = {
			isa = PBXGroup;
			children = (
				4669C3A332B80AAAEFFAC8AC /* DashboardContentView.swift */,
				04B70DACAB692BB4B3E63EAF /* DashboardView.swift */,
			);
			path = Dashboard;
			sourceTree = "<group>";
		};
		13FE53670A83A35217400422 /* Repositories */ = {
			isa = PBXGroup;
			children = (
				91E5698E35C2C908D92E4EC9 /* ExpenseRepository.swift */,
			);
			path = Repositories;
			sourceTree = "<group>";
		};
		16ECD43813995D18E8470B96 /* ViewModels */ = {
			isa = PBXGroup;
			children = (
				870338E2E31651645B689BAD /* ExpenseViewModel.swift */,
			);
			path = ViewModels;
			sourceTree = "<group>";
		};
		22D4055920E1E6F0D3757571 /* Products */ = {
			isa = PBXGroup;
			children = (
				4432A6E985CBA3E674B0DF52 /* GestionGastos.app */,
			);
			name = Products;
			sourceTree = "<group>";
		};
		2AF06EC33C3E7A30BEFD96B6 = {
			isa = PBXGroup;
			children = (
				77190FFD41347ACAB31C1CE7 /* Sources */,
				22D4055920E1E6F0D3757571 /* Products */,
			);
			sourceTree = "<group>";
		};
		2F168924A249B3D216164DD9 /* App */ = {
			isa = PBXGroup;
			children = (
				1FD77F3B30910DF5D5F59885 /* AppSettings.swift */,
				9BF6509BAABF7CF39946F5FE /* ContentView.swift */,
				FDD7828E416F56853D6597AB /* GestionGastosApp.swift */,
			);
			path = App;
			sourceTree = "<group>";
		};
		35645017B310AF0BA2460E47 /* Utils */ = {
			isa = PBXGroup;
			children = (
				831FFD88E6B4544EF2DC250A /* Calendar+Extensions.swift */,
			);
			path = Utils;
			sourceTree = "<group>";
		};
		35B911A808250495E32A5EB0 /* Expenses */ = {
			isa = PBXGroup;
			children = (
				6DC2D3288DCB1ACB3E9C573F /* AddExpenseView.swift */,
				1229E83E5D686FB5B5CE90A1 /* CategoryDetailView.swift */,
				60DA877E7541A5F9DEDF7DAA /* EditExpenseView.swift */,
			);
			path = Expenses;
			sourceTree = "<group>";
		};
		77190FFD41347ACAB31C1CE7 /* Sources */ = {
			isa = PBXGroup;
			children = (
				2F168924A249B3D216164DD9 /* App */,
				8740CB2752595023F1128B53 /* Models */,
				13FE53670A83A35217400422 /* Repositories */,
				35645017B310AF0BA2460E47 /* Utils */,
				16ECD43813995D18E8470B96 /* ViewModels */,
				7EF82E20A167D263A66BE08B /* Views */,
			);
			path = Sources;
			sourceTree = "<group>";
		};
		7EF82E20A167D263A66BE08B /* Views */ = {
			isa = PBXGroup;
			children = (
				F48573DC00CBED90254CD14B /* Components */,
				12D72EC3A53E2768FA9F2ECA /* Dashboard */,
				35B911A808250495E32A5EB0 /* Expenses */,
				A55AAE62F44805C19B0921B6 /* Stats */,
			);
			path = Views;
			sourceTree = "<group>";
		};
		8740CB2752595023F1128B53 /* Models */ = {
			isa = PBXGroup;
			children = (
				1CF219A026C2FBC7FE8C6666 /* Expense.swift */,
				98CDA0D2D9E192B40B4FD70D /* ExpenseEnums.swift */,
			);
			path = Models;
			sourceTree = "<group>";
		};
		A55AAE62F44805C19B0921B6 /* Stats */ = {
			isa = PBXGroup;
			children = (
				752113BAD2A0A13B24829955 /* StatsView.swift */,
			);
			path = Stats;
			sourceTree = "<group>";
		};
		F48573DC00CBED90254CD14B /* Components */ = {
			isa = PBXGroup;
			children = (
				4B018E04044E6A5AA4DC4A6C /* DashboardComponents.swift */,
				473AEC6B21F1F01D6A1AB920 /* PieChartView.swift */,
				38D65E203D8D4C22AF01411F /* SimpleCircleView.swift */,
				35321FCD99D6D4C8CBD112E2 /* TestPieChartView.swift */,
			);
			path = Components;
			sourceTree = "<group>";
		};
/* End PBXGroup section */

/* Begin PBXNativeTarget section */
		63269DFEC99303AC59973755 /* GestionGastos */ = {
			isa = PBXNativeTarget;
			buildConfigurationList = 99813FAF3357704AD7DE333D /* Build configuration list for PBXNativeTarget "GestionGastos" */;
			buildPhases = (
				AD6B4ECC5FF2D3D80E001145 /* Sources */,
			);
			buildRules = (
			);
			dependencies = (
			);
			name = GestionGastos;
			productName = GestionGastos;
			productReference = 4432A6E985CBA3E674B0DF52 /* GestionGastos.app */;
			productType = "com.apple.product-type.application";
		};
/* End PBXNativeTarget section */

/* Begin PBXProject section */
		4D97BB63D8D014EF52A1E220 /* Project object */ = {
			isa = PBXProject;
			attributes = {
				BuildIndependentTargetsInParallel = YES;
				LastUpgradeCheck = 1500;
				TargetAttributes = {
					63269DFEC99303AC59973755 = {
						DevelopmentTeam = "";
					};
				};
			};
			buildConfigurationList = 75D7D27FC727AD914F52DD01 /* Build configuration list for PBXProject "GestionGastos" */;
			compatibilityVersion = "Xcode 14.0";
			developmentRegion = en;
			hasScannedForEncodings = 0;
			knownRegions = (
				Base,
				en,
			);
			mainGroup = 2AF06EC33C3E7A30BEFD96B6;
			projectDirPath = "";
			projectRoot = "";
			targets = (
				63269DFEC99303AC59973755 /* GestionGastos */,
			);
		};
/* End PBXProject section */

/* Begin PBXSourcesBuildPhase section */
		AD6B4ECC5FF2D3D80E001145 /* Sources */ = {
			isa = PBXSourcesBuildPhase;
			buildActionMask = 2147483647;
			files = (
				39A23952C9AE9C90A5FA2671 /* AddExpenseView.swift in Sources */,
				5600E5EF59F8631C1800C58F /* AppSettings.swift in Sources */,
				1507B2ADB936970D0D14F169 /* Calendar+Extensions.swift in Sources */,
				8137479DE59FF3A60F96CFD9 /* CategoryDetailView.swift in Sources */,
				4C5C588A58725FBF41E82C85 /* ContentView.swift in Sources */,
				282911C9504C3B042E4D0160 /* DashboardComponents.swift in Sources */,
				94181FF198E77086A1263BC3 /* DashboardContentView.swift in Sources */,
				A91520A08B365BA6376D5BC8 /* DashboardView.swift in Sources */,
				511B97B5A15CE11395795B45 /* EditExpenseView.swift in Sources */,
				E58A52BFC33A9A41F234F741 /* Expense.swift in Sources */,
				015634EECB97BA3B2BE9B560 /* ExpenseEnums.swift in Sources */,
				1A03A3D72FD0ED420D1BF405 /* ExpenseRepository.swift in Sources */,
				4A43D235CBB25EBD5FC5D3DE /* ExpenseViewModel.swift in Sources */,
				2A3D7E0256E989FBF26C70EA /* GestionGastosApp.swift in Sources */,
				B894CE805830361E966AF02B /* PieChartView.swift in Sources */,
				CA57208984F9651E0C091F3B /* SimpleCircleView.swift in Sources */,
				DB3DF0C2BDE73542173085AD /* StatsView.swift in Sources */,
				AD741F1B41742ABAC8190AC7 /* TestPieChartView.swift in Sources */,
			);
			runOnlyForDeploymentPostprocessing = 0;
		};
/* End PBXSourcesBuildPhase section */

/* Begin XCBuildConfiguration section */
		098D1A9BD9C19548FD0FE7B1 /* Release */ = {
			isa = XCBuildConfiguration;
			buildSettings = {
				ALWAYS_SEARCH_USER_PATHS = NO;
				CLANG_ANALYZER_NONNULL = YES;
				CLANG_ANALYZER_NUMBER_OBJECT_CONVERSION = YES_AGGRESSIVE;
				CLANG_CXX_LANGUAGE_STANDARD = "gnu++14";
				CLANG_CXX_LIBRARY = "libc++";
				CLANG_ENABLE_MODULES = YES;
				CLANG_ENABLE_OBJC_ARC = YES;
				CLANG_ENABLE_OBJC_WEAK = YES;
				CLANG_WARN_BLOCK_CAPTURE_AUTORELEASING = YES;
				CLANG_WARN_BOOL_CONVERSION = YES;
				CLANG_WARN_COMMA = YES;
				CLANG_WARN_CONSTANT_CONVERSION = YES;
				CLANG_WARN_DEPRECATED_OBJC_IMPLEMENTATIONS = YES;
				CLANG_WARN_DIRECT_OBJC_ISA_USAGE = YES_ERROR;
				CLANG_WARN_DOCUMENTATION_COMMENTS = YES;
				CLANG_WARN_EMPTY_BODY = YES;
				CLANG_WARN_ENUM_CONVERSION = YES;
				CLANG_WARN_INFINITE_RECURSION = YES;
				CLANG_WARN_INT_CONVERSION = YES;
				CLANG_WARN_NON_LITERAL_NULL_CONVERSION = YES;
				CLANG_WARN_OBJC_IMPLICIT_RETAIN_SELF = YES;
				CLANG_WARN_OBJC_LITERAL_CONVERSION = YES;
				CLANG_WARN_OBJC_ROOT_CLASS = YES_ERROR;
				CLANG_WARN_QUOTED_INCLUDE_IN_FRAMEWORK_HEADER = YES;
				CLANG_WARN_RANGE_LOOP_ANALYSIS = YES;
				CLANG_WARN_STRICT_PROTOTYPES = YES;
				CLANG_WARN_SUSPICIOUS_MOVE = YES;
				CLANG_WARN_UNGUARDED_AVAILABILITY = YES_AGGRESSIVE;
				CLANG_WARN_UNREACHABLE_CODE = YES;
				CLANG_WARN__DUPLICATE_METHOD_MATCH = YES;
				COPY_PHASE_STRIP = NO;
				DEBUG_INFORMATION_FORMAT = "dwarf-with-dsym";
				ENABLE_NS_ASSERTIONS = NO;
				ENABLE_STRICT_OBJC_MSGSEND = YES;
				GCC_C_LANGUAGE_STANDARD = gnu11;
				GCC_NO_COMMON_BLOCKS = YES;
				GCC_WARN_64_TO_32_BIT_CONVERSION = YES;
				GCC_WARN_ABOUT_RETURN_TYPE = YES_ERROR;
				GCC_WARN_UNDECLARED_SELECTOR = YES;
				GCC_WARN_UNINITIALIZED_AUTOS = YES_AGGRESSIVE;
				GCC_WARN_UNUSED_FUNCTION = YES;
				GCC_WARN_UNUSED_VARIABLE = YES;
				IPHONEOS_DEPLOYMENT_TARGET = 16.0;
				MTL_ENABLE_DEBUG_INFO = NO;
				MTL_FAST_MATH = YES;
				PRODUCT_NAME = "$(TARGET_NAME)";
				SDKROOT = iphoneos;
				SWIFT_COMPILATION_MODE = wholemodule;
				SWIFT_OPTIMIZATION_LEVEL = "-O";
				SWIFT_VERSION = 5.0;
			};
			name = Release;
		};
		1AD0278E4404920D8EBB8F48 /* Debug */ = {
			isa = XCBuildConfiguration;
			buildSettings = {
				ALWAYS_SEARCH_USER_PATHS = NO;
				CLANG_ANALYZER_NONNULL = YES;
				CLANG_ANALYZER_NUMBER_OBJECT_CONVERSION = YES_AGGRESSIVE;
				CLANG_CXX_LANGUAGE_STANDARD = "gnu++14";
				CLANG_CXX_LIBRARY = "libc++";
				CLANG_ENABLE_MODULES = YES;
				CLANG_ENABLE_OBJC_ARC = YES;
				CLANG_ENABLE_OBJC_WEAK = YES;
				CLANG_WARN_BLOCK_CAPTURE_AUTORELEASING = YES;
				CLANG_WARN_BOOL_CONVERSION = YES;
				CLANG_WARN_COMMA = YES;
				CLANG_WARN_CONSTANT_CONVERSION = YES;
				CLANG_WARN_DEPRECATED_OBJC_IMPLEMENTATIONS = YES;
				CLANG_WARN_DIRECT_OBJC_ISA_USAGE = YES_ERROR;
				CLANG_WARN_DOCUMENTATION_COMMENTS = YES;
				CLANG_WARN_EMPTY_BODY = YES;
				CLANG_WARN_ENUM_CONVERSION = YES;
				CLANG_WARN_INFINITE_RECURSION = YES;
				CLANG_WARN_INT_CONVERSION = YES;
				CLANG_WARN_NON_LITERAL_NULL_CONVERSION = YES;
				CLANG_WARN_OBJC_IMPLICIT_RETAIN_SELF = YES;
				CLANG_WARN_OBJC_LITERAL_CONVERSION = YES;
				CLANG_WARN_OBJC_ROOT_CLASS = YES_ERROR;
				CLANG_WARN_QUOTED_INCLUDE_IN_FRAMEWORK_HEADER = YES;
				CLANG_WARN_RANGE_LOOP_ANALYSIS = YES;
				CLANG_WARN_STRICT_PROTOTYPES = YES;
				CLANG_WARN_SUSPICIOUS_MOVE = YES;
				CLANG_WARN_UNGUARDED_AVAILABILITY = YES_AGGRESSIVE;
				CLANG_WARN_UNREACHABLE_CODE = YES;
				CLANG_WARN__DUPLICATE_METHOD_MATCH = YES;
				COPY_PHASE_STRIP = NO;
				DEBUG_INFORMATION_FORMAT = dwarf;
				ENABLE_STRICT_OBJC_MSGSEND = YES;
				ENABLE_TESTABILITY = YES;
				GCC_C_LANGUAGE_STANDARD = gnu11;
				GCC_DYNAMIC_NO_PIC = NO;
				GCC_NO_COMMON_BLOCKS = YES;
				GCC_OPTIMIZATION_LEVEL = 0;
				GCC_PREPROCESSOR_DEFINITIONS = (
					"$(inherited)",
					"DEBUG=1",
				);
				GCC_WARN_64_TO_32_BIT_CONVERSION = YES;
				GCC_WARN_ABOUT_RETURN_TYPE = YES_ERROR;
				GCC_WARN_UNDECLARED_SELECTOR = YES;
				GCC_WARN_UNINITIALIZED_AUTOS = YES_AGGRESSIVE;
				GCC_WARN_UNUSED_FUNCTION = YES;
				GCC_WARN_UNUSED_VARIABLE = YES;
				IPHONEOS_DEPLOYMENT_TARGET = 16.0;
				MTL_ENABLE_DEBUG_INFO = INCLUDE_SOURCE;
				MTL_FAST_MATH = YES;
				ONLY_ACTIVE_ARCH = YES;
				PRODUCT_NAME = "$(TARGET_NAME)";
				SDKROOT = iphoneos;
				SWIFT_ACTIVE_COMPILATION_CONDITIONS = DEBUG;
				SWIFT_OPTIMIZATION_LEVEL = "-Onone";
				SWIFT_VERSION = 5.0;
			};
			name = Debug;
		};
		B449FDE2990EECEA39845304 /* Debug */ = {
			isa = XCBuildConfiguration;
			buildSettings = {
				ASSETCATALOG_COMPILER_APPICON_NAME = AppIcon;
				CODE_SIGN_IDENTITY = "iPhone Developer";
				DEVELOPMENT_TEAM = "";
				INFOPLIST_FILE = Info.plist;
				IPHONEOS_DEPLOYMENT_TARGET = 16.0;
				LD_RUNPATH_SEARCH_PATHS = (
					"$(inherited)",
					"@executable_path/Frameworks",
				);
				PRODUCT_BUNDLE_IDENTIFIER = com.example.GestionGastos;
				SDKROOT = iphoneos;
				SWIFT_VERSION = 5.0;
				TARGETED_DEVICE_FAMILY = 1;
			};
			name = Debug;
		};
		C6E8188676819C4579BF8965 /* Release */ = {
			isa = XCBuildConfiguration;
			buildSettings = {
				ASSETCATALOG_COMPILER_APPICON_NAME = AppIcon;
				CODE_SIGN_IDENTITY = "iPhone Developer";
				DEVELOPMENT_TEAM = "";
				INFOPLIST_FILE = Info.plist;
				IPHONEOS_DEPLOYMENT_TARGET = 16.0;
				LD_RUNPATH_SEARCH_PATHS = (
					"$(inherited)",
					"@executable_path/Frameworks",
				);
				PRODUCT_BUNDLE_IDENTIFIER = com.example.GestionGastos;
				SDKROOT = iphoneos;
				SWIFT_VERSION = 5.0;
				TARGETED_DEVICE_FAMILY = 1;
			};
			name = Release;
		};
/* End XCBuildConfiguration section */

/* Begin XCConfigurationList section */
		75D7D27FC727AD914F52DD01 /* Build configuration list for PBXProject "GestionGastos" */ = {
			isa = XCConfigurationList;
			buildConfigurations = (
				1AD0278E4404920D8EBB8F48 /* Debug */,
				098D1A9BD9C19548FD0FE7B1 /* Release */,
			);
			defaultConfigurationIsVisible = 0;
			defaultConfigurationName = Debug;
		};
		99813FAF3357704AD7DE333D /* Build configuration list for PBXNativeTarget "GestionGastos" */ = {
			isa = XCConfigurationList;
			buildConfigurations = (
				B449FDE2990EECEA39845304 /* Debug */,
				C6E8188676819C4579BF8965 /* Release */,
			);
			defaultConfigurationIsVisible = 0;
			defaultConfigurationName = Debug;
		};
/* End XCConfigurationList section */
	};
	rootObject = 4D97BB63D8D014EF52A1E220 /* Project object */;
}
